<?xml version="1.0" encoding="utf-8"?>
<Project ToolsVersion="4.0" xmlns="http://schemas.microsoft.com/developer/msbuild/2003">
  <ItemGroup>
    <Filter Include="소스 파일">
      <UniqueIdentifier>{4FC737F1-C7A5-4376-A066-2A32D752A2FF}</UniqueIdentifier>
      <Extensions>cpp;c;cc;cxx;def;odl;idl;hpj;bat;asm;asmx</Extensions>
    </Filter>
    <Filter Include="헤더 파일">
      <UniqueIdentifier>{93995380-89BD-4b04-88EB-625FBE52EBFB}</UniqueIdentifier>
      <Extensions>h;hh;hpp;hxx;hm;inl;inc;xsd</Extensions>
    </Filter>
    <Filter Include="리소스 파일">
      <UniqueIdentifier>{67DA6AB6-F800-4c08-8B7A-83BB121AAD01}</UniqueIdentifier>
      <Extensions>rc;ico;cur;bmp;dlg;rc2;rct;bin;rgs;gif;jpg;jpeg;jpe;resx;tiff;tif;png;wav;mfcribbon-ms</Extensions>
    </Filter>
  </ItemGroup>
  <ItemGroup>
    <ClCompile Include="Main01_pixel.cpp">
      <Filter>소스 파일</Filter>
    </ClCompile>
    <ClCompile Include="main02_type01.cpp">
      <Filter>소스 파일</Filter>
    </ClCompile>
    <ClCompile Include="testmain.cpp">
      <Filter>소스 파일</Filter>
    </ClCompile>
    <ClCompile Include="main03_imeAndScroll.cpp">
      <Filter>소스 파일</Filter>
    </ClCompile>
    <ClCompile Include="main04_inputAndLineSwitch.cpp">
      <Filter>소스 파일</Filter>
    </ClCompile>
    <ClCompile Include="main05_textEditorClassfication01.cpp">
      <Filter>소스 파일</Filter>
    </ClCompile>
    <ClCompile Include="main06_mShape_mTextEditor01.cpp">
      <Filter>소스 파일</Filter>
    </ClCompile>
    <ClCompile Include="main07_mShape2.cpp">
      <Filter>소스 파일</Filter>
    </ClCompile>
    <ClCompile Include="main08_rectangle_windowclass.cpp">
      <Filter>소스 파일</Filter>
    </ClCompile>
    <ClCompile Include="main09.cpp">
      <Filter>소스 파일</Filter>
    </ClCompile>
    <ClCompile Include="main10_resource01_shapeSelect.cpp">
      <Filter>소스 파일</Filter>
    </ClCompile>
    <ClCompile Include="main_11_shapeMove.cpp">
      <Filter>소스 파일</Filter>
    </ClCompile>
    <ClCompile Include="main12_dotInShape.cpp">
      <Filter>소스 파일</Filter>
    </ClCompile>
    <ClCompile Include="main13_multipleEdit.cpp">
      <Filter>소스 파일</Filter>
    </ClCompile>
    <ClCompile Include="main14_selectedTopMost.cpp">
      <Filter>소스 파일</Filter>
    </ClCompile>
    <ClCompile Include="main15_moveShape.cpp">
      <Filter>소스 파일</Filter>
    </ClCompile>
    <ClCompile Include="main_16_dotDistChecker.cpp">
      <Filter>소스 파일</Filter>
    </ClCompile>
    <ClCompile Include="main17_resize01.cpp">
      <Filter>소스 파일</Filter>
    </ClCompile>
    <ClCompile Include="main_18_resize02.cpp">
      <Filter>소스 파일</Filter>
    </ClCompile>
    <ClCompile Include="main19_resize03.cpp">
      <Filter>소스 파일</Filter>
    </ClCompile>
    <ClCompile Include="main20_resize04.cpp">
      <Filter>소스 파일</Filter>
    </ClCompile>
    <ClCompile Include="main21_restart.cpp">
      <Filter>소스 파일</Filter>
    </ClCompile>
    <ClCompile Include="main22_resizeLogicEmpty.cpp">
      <Filter>소스 파일</Filter>
    </ClCompile>
    <ClCompile Include="main23_resizeLogicReal01.cpp">
      <Filter>소스 파일</Filter>
    </ClCompile>
    <ClCompile Include="main24_mTextEditorCaret.cpp">
      <Filter>소스 파일</Filter>
    </ClCompile>
    <ClCompile Include="main25_newCaretMaking.cpp">
      <Filter>소스 파일</Filter>
    </ClCompile>
    <ClCompile Include="main26_newCarot02.cpp">
      <Filter>소스 파일</Filter>
    </ClCompile>
    <ClCompile Include="main27_carot03_newWay.cpp">
      <Filter>소스 파일</Filter>
    </ClCompile>
    <ClCompile Include="main28_newCarot03.cpp">
      <Filter>소스 파일</Filter>
    </ClCompile>
    <ClCompile Include="maint29_enterMaking01.cpp">
      <Filter>소스 파일</Filter>
    </ClCompile>
    <ClCompile Include="main30_screenResize.cpp">
      <Filter>소스 파일</Filter>
    </ClCompile>
    <ClCompile Include="main30_resizeNewWay.cpp">
      <Filter>소스 파일</Filter>
    </ClCompile>
    <ClCompile Include="main31_enterMaking2.cpp">
      <Filter>소스 파일</Filter>
    </ClCompile>
    <ClCompile Include="main32_carot5.cpp">
      <Filter>소스 파일</Filter>
    </ClCompile>
    <ClCompile Include="main33_newCarot06.cpp">
      <Filter>소스 파일</Filter>
    </ClCompile>
    <ClCompile Include="main34_pullingExample01.cpp">
      <Filter>소스 파일</Filter>
    </ClCompile>
    <ClCompile Include="main32_shapeResizeAndPulling.cpp">
      <Filter>소스 파일</Filter>
    </ClCompile>
    <ClCompile Include="main33_pullingNewWay01.cpp">
      <Filter>소스 파일</Filter>
    </ClCompile>
    <ClCompile Include="main34_absoPosChange.cpp">
      <Filter>소스 파일</Filter>
    </ClCompile>
    <ClCompile Include="main35_mShapeAndCaretEditor.cpp">
      <Filter>소스 파일</Filter>
    </ClCompile>
    <ClCompile Include="test01_isIn_Line01.cpp">
      <Filter>소스 파일</Filter>
    </ClCompile>
    <ClCompile Include="main36_mShape_toHeader01.cpp">
      <Filter>소스 파일</Filter>
    </ClCompile>
  </ItemGroup>
  <ItemGroup>
    <ClInclude Include="mHeaders.h">
      <Filter>헤더 파일</Filter>
    </ClInclude>
    <ClInclude Include="mString.h">
      <Filter>헤더 파일</Filter>
    </ClInclude>
    <ClInclude Include="mTextPixel.h">
      <Filter>헤더 파일</Filter>
    </ClInclude>
    <ClInclude Include="mTextSource.h">
      <Filter>헤더 파일</Filter>
    </ClInclude>
    <ClInclude Include="mScreenLineContainer.h">
      <Filter>헤더 파일</Filter>
    </ClInclude>
    <ClInclude Include="mScreenTextController.h">
      <Filter>헤더 파일</Filter>
    </ClInclude>
    <ClInclude Include="mCaret.h">
      <Filter>헤더 파일</Filter>
    </ClInclude>
    <ClInclude Include="mStringBackUp.h">
      <Filter>헤더 파일</Filter>
    </ClInclude>
    <ClInclude Include="resource.h">
      <Filter>헤더 파일</Filter>
    </ClInclude>
    <ClInclude Include="mKeyboard.h">
      <Filter>헤더 파일</Filter>
    </ClInclude>
    <ClInclude Include="mLineMethods.h">
      <Filter>헤더 파일</Filter>
    </ClInclude>
    <ClInclude Include="mCaretMaster.h">
      <Filter>헤더 파일</Filter>
    </ClInclude>
    <ClInclude Include="mTextEditor.h">
      <Filter>헤더 파일</Filter>
    </ClInclude>
    <ClInclude Include="resource2.h">
      <Filter>헤더 파일</Filter>
    </ClInclude>
    <ClInclude Include="resource3.h">
      <Filter>헤더 파일</Filter>
    </ClInclude>
    <ClInclude Include="mTextEditorCaretTest.h">
      <Filter>헤더 파일</Filter>
    </ClInclude>
    <ClInclude Include="newCarot01.h">
      <Filter>헤더 파일</Filter>
    </ClInclude>
    <ClInclude Include="newTextEditor.h">
      <Filter>헤더 파일</Filter>
    </ClInclude>
    <ClInclude Include="newCarot02.h">
      <Filter>헤더 파일</Filter>
    </ClInclude>
    <ClInclude Include="newTextEditor03.h">
      <Filter>헤더 파일</Filter>
    </ClInclude>
    <ClInclude Include="mShape.h">
      <Filter>헤더 파일</Filter>
    </ClInclude>
    <ClInclude Include="mRectangle.h">
      <Filter>헤더 파일</Filter>
    </ClInclude>
    <ClInclude Include="mCircle.h">
      <Filter>헤더 파일</Filter>
    </ClInclude>
    <ClInclude Include="mLine.h">
      <Filter>헤더 파일</Filter>
    </ClInclude>
    <ClInclude Include="mShapeContainer.h">
      <Filter>헤더 파일</Filter>
    </ClInclude>
    <ClInclude Include="mMouse.h">
      <Filter>헤더 파일</Filter>
    </ClInclude>
  </ItemGroup>
  <ItemGroup>
    <ResourceCompile Include="mLibrary01_window1.rc">
      <Filter>리소스 파일</Filter>
    </ResourceCompile>
  </ItemGroup>
</Project>